
Microsoft Visual Studio Solution File, Format Version 10.00
# Visual Studio 2008
Project("{2150E333-8FDC-42A3-9474-1A3956D46DE8}") = "UI", "UI", "{082BFE21-E242-4B3D-A452-1745AF7E785A}"
EndProject
Project("{2150E333-8FDC-42A3-9474-1A3956D46DE8}") = "BLL", "BLL", "{7611AB79-B422-4FA1-B814-87E0828FAD72}"
EndProject
Project("{2150E333-8FDC-42A3-9474-1A3956D46DE8}") = "DAL", "DAL", "{D5943F87-A17B-4CCA-9C53-063D1A5835AA}"
EndProject
Project("{FAE04EC0-301F-11D3-BF4B-00C04F79EFBC}") = "BLL", "BLL\BLL.csproj", "{A0EA0794-16BA-4988-BCFF-00204902B7AA}"
EndProject
Project("{FAE04EC0-301F-11D3-BF4B-00C04F79EFBC}") = "DAL", "DAL\DAL.csproj", "{8A90D572-AFF5-43B3-AFBA-529A493DAAAE}"
EndProject
Project("{FAE04EC0-301F-11D3-BF4B-00C04F79EFBC}") = "EstructuraProducto", "EstructuraProducto\EstructuraProducto.csproj", "{9102F252-4267-45D1-B148-DD3BE4D709E4}"
EndProject
Project("{FAE04EC0-301F-11D3-BF4B-00C04F79EFBC}") = "Principal", "Principal\Principal.csproj", "{AE7890FB-1E14-4037-BF00-F0406BA4364A}"
EndProject
Project("{FAE04EC0-301F-11D3-BF4B-00C04F79EFBC}") = "Calidad", "Calidad\Calidad.csproj", "{A1DDD582-FAE2-46D8-A915-42013AA1DCB7}"
EndProject
Project("{FAE04EC0-301F-11D3-BF4B-00C04F79EFBC}") = "ControlTrabajoEnProceso", "ControlTrabajoEnProceso\ControlTrabajoEnProceso.csproj", "{BD64ACB7-2A4A-44E9-8183-11EFAFF4B518}"
EndProject
Project("{FAE04EC0-301F-11D3-BF4B-00C04F79EFBC}") = "GestionPedido", "GestionPedido\GestionPedido.csproj", "{9260777F-2789-458E-924E-163DC946C9E1}"
EndProject
Project("{FAE04EC0-301F-11D3-BF4B-00C04F79EFBC}") = "GestionStock", "GestionStock\GestionStock.csproj", "{35A24B8F-C745-41C5-A681-39C1F9AAD906}"
EndProject
Project("{FAE04EC0-301F-11D3-BF4B-00C04F79EFBC}") = "PlanificacionProduccion", "PlanificacionProduccion\PlanificacionProduccion.csproj", "{959ABFBF-7696-414D-B0CA-8807851367E8}"
EndProject
Project("{FAE04EC0-301F-11D3-BF4B-00C04F79EFBC}") = "RecursosFabricacion", "RecursosFabricacion\RecursosFabricacion.csproj", "{3D17BB74-E9A2-435E-BED2-9C222B5F1DDD}"
EndProject
Project("{FAE04EC0-301F-11D3-BF4B-00C04F79EFBC}") = "Mantenimiento", "Mantenimiento\Mantenimiento.csproj", "{6A2EB4DA-E737-466E-A7A6-9FD238F0AF4E}"
EndProject
Project("{FAE04EC0-301F-11D3-BF4B-00C04F79EFBC}") = "Soporte", "Soporte\Soporte.csproj", "{E62237F2-4821-4526-BE7C-45263EE307C5}"
EndProject
Project("{FAE04EC0-301F-11D3-BF4B-00C04F79EFBC}") = "Sistema", "Sistema\Sistema.csproj", "{9A02F786-F362-4FC0-A53D-83C51951D9DF}"
EndProject
Project("{2150E333-8FDC-42A3-9474-1A3956D46DE8}") = "Entidades", "Entidades", "{237FD344-2979-4898-A901-917F6D6CA8AE}"
EndProject
Project("{FAE04EC0-301F-11D3-BF4B-00C04F79EFBC}") = "Entidades", "Entidades\Entidades.csproj", "{BF769C01-D311-4BC9-813A-C63DC3B89319}"
EndProject
Project("{2150E333-8FDC-42A3-9474-1A3956D46DE8}") = "Data", "Data", "{D8ECECC6-ECDF-4250-A21B-0CB2E16FFDD4}"
EndProject
Project("{FAE04EC0-301F-11D3-BF4B-00C04F79EFBC}") = "Data", "Data\Data.csproj", "{B288FFDF-AF2E-41DA-AB2F-C17A4944E272}"
EndProject
Project("{FAE04EC0-301F-11D3-BF4B-00C04F79EFBC}") = "ProcesoFabricacion", "ProcesoFabricacion\ProcesoFabricacion.csproj", "{6255860F-61F4-46AC-B845-FE988BD6F723}"
EndProject
Project("{FAE04EC0-301F-11D3-BF4B-00C04F79EFBC}") = "Seguridad", "Seguridad\Seguridad.csproj", "{20AD5C3B-5266-415B-BE70-1F80851445FC}"
	ProjectSection(ProjectDependencies) = postProject
		{BF769C01-D311-4BC9-813A-C63DC3B89319} = {BF769C01-D311-4BC9-813A-C63DC3B89319}
		{9A02F786-F362-4FC0-A53D-83C51951D9DF} = {9A02F786-F362-4FC0-A53D-83C51951D9DF}
		{A0EA0794-16BA-4988-BCFF-00204902B7AA} = {A0EA0794-16BA-4988-BCFF-00204902B7AA}
		{B288FFDF-AF2E-41DA-AB2F-C17A4944E272} = {B288FFDF-AF2E-41DA-AB2F-C17A4944E272}
	EndProjectSection
EndProject
Project("{FAE04EC0-301F-11D3-BF4B-00C04F79EFBC}") = "Costos", "Costos\Costos.csproj", "{D471ACB8-BD2D-4CBF-9D29-42466FEDC4D0}"
EndProject
Project("{54435603-DBB4-11D2-8724-00A0C9A8B90C}") = "SetupGYCAP", "SetupGYCAP\SetupGYCAP.vdproj", "{B6844856-D1E5-4635-A7FA-E38D3DD829C7}"
EndProject
Global
	GlobalSection(SubversionScc) = preSolution
		Svn-Managed = True
		Manager = AnkhSVN - Subversion Support for Visual Studio
	EndGlobalSection
	GlobalSection(SolutionConfigurationPlatforms) = preSolution
		Debug|Any CPU = Debug|Any CPU
		Release|Any CPU = Release|Any CPU
	EndGlobalSection
	GlobalSection(ProjectConfigurationPlatforms) = postSolution
		{A0EA0794-16BA-4988-BCFF-00204902B7AA}.Debug|Any CPU.ActiveCfg = Debug|Any CPU
		{A0EA0794-16BA-4988-BCFF-00204902B7AA}.Debug|Any CPU.Build.0 = Debug|Any CPU
		{A0EA0794-16BA-4988-BCFF-00204902B7AA}.Release|Any CPU.ActiveCfg = Release|Any CPU
		{A0EA0794-16BA-4988-BCFF-00204902B7AA}.Release|Any CPU.Build.0 = Release|Any CPU
		{8A90D572-AFF5-43B3-AFBA-529A493DAAAE}.Debug|Any CPU.ActiveCfg = Debug|Any CPU
		{8A90D572-AFF5-43B3-AFBA-529A493DAAAE}.Debug|Any CPU.Build.0 = Debug|Any CPU
		{8A90D572-AFF5-43B3-AFBA-529A493DAAAE}.Release|Any CPU.ActiveCfg = Release|Any CPU
		{8A90D572-AFF5-43B3-AFBA-529A493DAAAE}.Release|Any CPU.Build.0 = Release|Any CPU
		{9102F252-4267-45D1-B148-DD3BE4D709E4}.Debug|Any CPU.ActiveCfg = Debug|Any CPU
		{9102F252-4267-45D1-B148-DD3BE4D709E4}.Debug|Any CPU.Build.0 = Debug|Any CPU
		{9102F252-4267-45D1-B148-DD3BE4D709E4}.Release|Any CPU.ActiveCfg = Release|Any CPU
		{9102F252-4267-45D1-B148-DD3BE4D709E4}.Release|Any CPU.Build.0 = Release|Any CPU
		{AE7890FB-1E14-4037-BF00-F0406BA4364A}.Debug|Any CPU.ActiveCfg = Debug|Any CPU
		{AE7890FB-1E14-4037-BF00-F0406BA4364A}.Debug|Any CPU.Build.0 = Debug|Any CPU
		{AE7890FB-1E14-4037-BF00-F0406BA4364A}.Release|Any CPU.ActiveCfg = Release|Any CPU
		{AE7890FB-1E14-4037-BF00-F0406BA4364A}.Release|Any CPU.Build.0 = Release|Any CPU
		{A1DDD582-FAE2-46D8-A915-42013AA1DCB7}.Debug|Any CPU.ActiveCfg = Debug|Any CPU
		{A1DDD582-FAE2-46D8-A915-42013AA1DCB7}.Debug|Any CPU.Build.0 = Debug|Any CPU
		{A1DDD582-FAE2-46D8-A915-42013AA1DCB7}.Release|Any CPU.ActiveCfg = Release|Any CPU
		{A1DDD582-FAE2-46D8-A915-42013AA1DCB7}.Release|Any CPU.Build.0 = Release|Any CPU
		{BD64ACB7-2A4A-44E9-8183-11EFAFF4B518}.Debug|Any CPU.ActiveCfg = Debug|Any CPU
		{BD64ACB7-2A4A-44E9-8183-11EFAFF4B518}.Debug|Any CPU.Build.0 = Debug|Any CPU
		{BD64ACB7-2A4A-44E9-8183-11EFAFF4B518}.Release|Any CPU.ActiveCfg = Release|Any CPU
		{BD64ACB7-2A4A-44E9-8183-11EFAFF4B518}.Release|Any CPU.Build.0 = Release|Any CPU
		{9260777F-2789-458E-924E-163DC946C9E1}.Debug|Any CPU.ActiveCfg = Debug|Any CPU
		{9260777F-2789-458E-924E-163DC946C9E1}.Debug|Any CPU.Build.0 = Debug|Any CPU
		{9260777F-2789-458E-924E-163DC946C9E1}.Release|Any CPU.ActiveCfg = Release|Any CPU
		{9260777F-2789-458E-924E-163DC946C9E1}.Release|Any CPU.Build.0 = Release|Any CPU
		{35A24B8F-C745-41C5-A681-39C1F9AAD906}.Debug|Any CPU.ActiveCfg = Debug|Any CPU
		{35A24B8F-C745-41C5-A681-39C1F9AAD906}.Debug|Any CPU.Build.0 = Debug|Any CPU
		{35A24B8F-C745-41C5-A681-39C1F9AAD906}.Release|Any CPU.ActiveCfg = Release|Any CPU
		{35A24B8F-C745-41C5-A681-39C1F9AAD906}.Release|Any CPU.Build.0 = Release|Any CPU
		{959ABFBF-7696-414D-B0CA-8807851367E8}.Debug|Any CPU.ActiveCfg = Debug|Any CPU
		{959ABFBF-7696-414D-B0CA-8807851367E8}.Debug|Any CPU.Build.0 = Debug|Any CPU
		{959ABFBF-7696-414D-B0CA-8807851367E8}.Release|Any CPU.ActiveCfg = Release|Any CPU
		{959ABFBF-7696-414D-B0CA-8807851367E8}.Release|Any CPU.Build.0 = Release|Any CPU
		{3D17BB74-E9A2-435E-BED2-9C222B5F1DDD}.Debug|Any CPU.ActiveCfg = Debug|Any CPU
		{3D17BB74-E9A2-435E-BED2-9C222B5F1DDD}.Debug|Any CPU.Build.0 = Debug|Any CPU
		{3D17BB74-E9A2-435E-BED2-9C222B5F1DDD}.Release|Any CPU.ActiveCfg = Release|Any CPU
		{3D17BB74-E9A2-435E-BED2-9C222B5F1DDD}.Release|Any CPU.Build.0 = Release|Any CPU
		{6A2EB4DA-E737-466E-A7A6-9FD238F0AF4E}.Debug|Any CPU.ActiveCfg = Debug|Any CPU
		{6A2EB4DA-E737-466E-A7A6-9FD238F0AF4E}.Debug|Any CPU.Build.0 = Debug|Any CPU
		{6A2EB4DA-E737-466E-A7A6-9FD238F0AF4E}.Release|Any CPU.ActiveCfg = Release|Any CPU
		{6A2EB4DA-E737-466E-A7A6-9FD238F0AF4E}.Release|Any CPU.Build.0 = Release|Any CPU
		{E62237F2-4821-4526-BE7C-45263EE307C5}.Debug|Any CPU.ActiveCfg = Debug|Any CPU
		{E62237F2-4821-4526-BE7C-45263EE307C5}.Debug|Any CPU.Build.0 = Debug|Any CPU
		{E62237F2-4821-4526-BE7C-45263EE307C5}.Release|Any CPU.ActiveCfg = Release|Any CPU
		{E62237F2-4821-4526-BE7C-45263EE307C5}.Release|Any CPU.Build.0 = Release|Any CPU
		{9A02F786-F362-4FC0-A53D-83C51951D9DF}.Debug|Any CPU.ActiveCfg = Debug|Any CPU
		{9A02F786-F362-4FC0-A53D-83C51951D9DF}.Debug|Any CPU.Build.0 = Debug|Any CPU
		{9A02F786-F362-4FC0-A53D-83C51951D9DF}.Release|Any CPU.ActiveCfg = Release|Any CPU
		{9A02F786-F362-4FC0-A53D-83C51951D9DF}.Release|Any CPU.Build.0 = Release|Any CPU
		{BF769C01-D311-4BC9-813A-C63DC3B89319}.Debug|Any CPU.ActiveCfg = Debug|Any CPU
		{BF769C01-D311-4BC9-813A-C63DC3B89319}.Debug|Any CPU.Build.0 = Debug|Any CPU
		{BF769C01-D311-4BC9-813A-C63DC3B89319}.Release|Any CPU.ActiveCfg = Release|Any CPU
		{BF769C01-D311-4BC9-813A-C63DC3B89319}.Release|Any CPU.Build.0 = Release|Any CPU
		{B288FFDF-AF2E-41DA-AB2F-C17A4944E272}.Debug|Any CPU.ActiveCfg = Debug|Any CPU
		{B288FFDF-AF2E-41DA-AB2F-C17A4944E272}.Debug|Any CPU.Build.0 = Debug|Any CPU
		{B288FFDF-AF2E-41DA-AB2F-C17A4944E272}.Release|Any CPU.ActiveCfg = Release|Any CPU
		{B288FFDF-AF2E-41DA-AB2F-C17A4944E272}.Release|Any CPU.Build.0 = Release|Any CPU
		{6255860F-61F4-46AC-B845-FE988BD6F723}.Debug|Any CPU.ActiveCfg = Debug|Any CPU
		{6255860F-61F4-46AC-B845-FE988BD6F723}.Debug|Any CPU.Build.0 = Debug|Any CPU
		{6255860F-61F4-46AC-B845-FE988BD6F723}.Release|Any CPU.ActiveCfg = Release|Any CPU
		{6255860F-61F4-46AC-B845-FE988BD6F723}.Release|Any CPU.Build.0 = Release|Any CPU
		{20AD5C3B-5266-415B-BE70-1F80851445FC}.Debug|Any CPU.ActiveCfg = Debug|Any CPU
		{20AD5C3B-5266-415B-BE70-1F80851445FC}.Debug|Any CPU.Build.0 = Debug|Any CPU
		{20AD5C3B-5266-415B-BE70-1F80851445FC}.Release|Any CPU.ActiveCfg = Release|Any CPU
		{20AD5C3B-5266-415B-BE70-1F80851445FC}.Release|Any CPU.Build.0 = Release|Any CPU
		{D471ACB8-BD2D-4CBF-9D29-42466FEDC4D0}.Debug|Any CPU.ActiveCfg = Debug|Any CPU
		{D471ACB8-BD2D-4CBF-9D29-42466FEDC4D0}.Debug|Any CPU.Build.0 = Debug|Any CPU
		{D471ACB8-BD2D-4CBF-9D29-42466FEDC4D0}.Release|Any CPU.ActiveCfg = Release|Any CPU
		{D471ACB8-BD2D-4CBF-9D29-42466FEDC4D0}.Release|Any CPU.Build.0 = Release|Any CPU
		{B6844856-D1E5-4635-A7FA-E38D3DD829C7}.Debug|Any CPU.ActiveCfg = Debug
		{B6844856-D1E5-4635-A7FA-E38D3DD829C7}.Release|Any CPU.ActiveCfg = Release
	EndGlobalSection
	GlobalSection(SolutionProperties) = preSolution
		HideSolutionNode = FALSE
	EndGlobalSection
	GlobalSection(NestedProjects) = preSolution
		{9102F252-4267-45D1-B148-DD3BE4D709E4} = {082BFE21-E242-4B3D-A452-1745AF7E785A}
		{AE7890FB-1E14-4037-BF00-F0406BA4364A} = {082BFE21-E242-4B3D-A452-1745AF7E785A}
		{A1DDD582-FAE2-46D8-A915-42013AA1DCB7} = {082BFE21-E242-4B3D-A452-1745AF7E785A}
		{BD64ACB7-2A4A-44E9-8183-11EFAFF4B518} = {082BFE21-E242-4B3D-A452-1745AF7E785A}
		{9260777F-2789-458E-924E-163DC946C9E1} = {082BFE21-E242-4B3D-A452-1745AF7E785A}
		{35A24B8F-C745-41C5-A681-39C1F9AAD906} = {082BFE21-E242-4B3D-A452-1745AF7E785A}
		{959ABFBF-7696-414D-B0CA-8807851367E8} = {082BFE21-E242-4B3D-A452-1745AF7E785A}
		{3D17BB74-E9A2-435E-BED2-9C222B5F1DDD} = {082BFE21-E242-4B3D-A452-1745AF7E785A}
		{6A2EB4DA-E737-466E-A7A6-9FD238F0AF4E} = {082BFE21-E242-4B3D-A452-1745AF7E785A}
		{E62237F2-4821-4526-BE7C-45263EE307C5} = {082BFE21-E242-4B3D-A452-1745AF7E785A}
		{9A02F786-F362-4FC0-A53D-83C51951D9DF} = {082BFE21-E242-4B3D-A452-1745AF7E785A}
		{6255860F-61F4-46AC-B845-FE988BD6F723} = {082BFE21-E242-4B3D-A452-1745AF7E785A}
		{20AD5C3B-5266-415B-BE70-1F80851445FC} = {082BFE21-E242-4B3D-A452-1745AF7E785A}
		{D471ACB8-BD2D-4CBF-9D29-42466FEDC4D0} = {082BFE21-E242-4B3D-A452-1745AF7E785A}
		{A0EA0794-16BA-4988-BCFF-00204902B7AA} = {7611AB79-B422-4FA1-B814-87E0828FAD72}
		{8A90D572-AFF5-43B3-AFBA-529A493DAAAE} = {D5943F87-A17B-4CCA-9C53-063D1A5835AA}
		{BF769C01-D311-4BC9-813A-C63DC3B89319} = {237FD344-2979-4898-A901-917F6D6CA8AE}
		{B288FFDF-AF2E-41DA-AB2F-C17A4944E272} = {D8ECECC6-ECDF-4250-A21B-0CB2E16FFDD4}
	EndGlobalSection
EndGlobal
